
Microsoft Visual Studio Solution File, Format Version 11.00
# Visual Studio 2010
Project("{FAE04EC0-301F-11D3-BF4B-00C04F79EFBC}") = "cabme.web", "cabme.web\cabme.web.csproj", "{6A19A3D0-8677-4F81-B15A-1825F01339F7}"
EndProject
Project("{FAE04EC0-301F-11D3-BF4B-00C04F79EFBC}") = "cabme.data", "cabme.data\cabme.data.csproj", "{11B6DC2E-DA9F-4C1A-A7B3-31D88C3B80D7}"
EndProject
Project("{2150E333-8FDC-42A3-9474-1A3956D46DE8}") = ".nuget", ".nuget", "{1CFAAA7A-D3E9-4004-877A-062CDA782D00}"
	ProjectSection(SolutionItems) = preProject
		.nuget\NuGet.exe = .nuget\NuGet.exe
		.nuget\NuGet.targets = .nuget\NuGet.targets
	EndProjectSection
EndProject
Project("{2150E333-8FDC-42A3-9474-1A3956D46DE8}") = "Build", "Build", "{AE477E19-205F-4694-9605-FADB8A641939}"
	ProjectSection(SolutionItems) = preProject
		Build\Build.proj = Build\Build.proj
	EndProjectSection
EndProject
Project("{FAE04EC0-301F-11D3-BF4B-00C04F79EFBC}") = "cabme.webmvc", "cabme.webmvc\cabme.webmvc.csproj", "{E6E30808-8A03-4F1B-A6B8-429E940F5AB2}"
EndProject
Global
	GlobalSection(SolutionConfigurationPlatforms) = preSolution
		Debug|Any CPU = Debug|Any CPU
		Release|Any CPU = Release|Any CPU
	EndGlobalSection
	GlobalSection(ProjectConfigurationPlatforms) = postSolution
		{6A19A3D0-8677-4F81-B15A-1825F01339F7}.Debug|Any CPU.ActiveCfg = Debug|Any CPU
		{6A19A3D0-8677-4F81-B15A-1825F01339F7}.Debug|Any CPU.Build.0 = Debug|Any CPU
		{6A19A3D0-8677-4F81-B15A-1825F01339F7}.Release|Any CPU.ActiveCfg = Release|Any CPU
		{6A19A3D0-8677-4F81-B15A-1825F01339F7}.Release|Any CPU.Build.0 = Release|Any CPU
		{11B6DC2E-DA9F-4C1A-A7B3-31D88C3B80D7}.Debug|Any CPU.ActiveCfg = Debug|Any CPU
		{11B6DC2E-DA9F-4C1A-A7B3-31D88C3B80D7}.Debug|Any CPU.Build.0 = Debug|Any CPU
		{11B6DC2E-DA9F-4C1A-A7B3-31D88C3B80D7}.Release|Any CPU.ActiveCfg = Release|Any CPU
		{11B6DC2E-DA9F-4C1A-A7B3-31D88C3B80D7}.Release|Any CPU.Build.0 = Release|Any CPU
		{E6E30808-8A03-4F1B-A6B8-429E940F5AB2}.Debug|Any CPU.ActiveCfg = Debug|Any CPU
		{E6E30808-8A03-4F1B-A6B8-429E940F5AB2}.Debug|Any CPU.Build.0 = Debug|Any CPU
		{E6E30808-8A03-4F1B-A6B8-429E940F5AB2}.Release|Any CPU.ActiveCfg = Release|Any CPU
		{E6E30808-8A03-4F1B-A6B8-429E940F5AB2}.Release|Any CPU.Build.0 = Release|Any CPU
	EndGlobalSection
	GlobalSection(SolutionProperties) = preSolution
		HideSolutionNode = FALSE
	EndGlobalSection
	GlobalSection(MonoDevelopProperties) = preSolution
		StartupItem = cabme.web\cabme.web.csproj
	EndGlobalSection
EndGlobal
